
Microsoft Visual Studio Solution File, Format Version 12.00
# Visual Studio 15
VisualStudioVersion = 15.0.26430.13
MinimumVisualStudioVersion = 10.0.40219.1
Project("{D954291E-2A0B-460D-934E-DC6B0785DB48}") = "IBAN_Rechner", "IBAN Rechner\IBAN_Rechner\IBAN_Rechner.shproj", "{68FFF1B3-756D-4390-87F8-28BD1A8504D8}"
EndProject
Project("{FAE04EC0-301F-11D3-BF4B-00C04F79EFBC}") = "IBAN_Rechner.Android", "IBAN Rechner\IBAN_Rechner.Android\IBAN_Rechner.Android.csproj", "{0C317176-4050-4FCF-A1BA-229050A85DB3}"
EndProject
Project("{FAE04EC0-301F-11D3-BF4B-00C04F79EFBC}") = "IBAN_Rechner.iOS", "IBAN Rechner\IBAN_Rechner.iOS\IBAN_Rechner.iOS.csproj", "{CF186EB1-3BBE-47A9-A9EE-074B8DEEF43A}"
EndProject
Project("{FAE04EC0-301F-11D3-BF4B-00C04F79EFBC}") = "IBAN_Rechner.UWP", "IBAN Rechner\IBAN_Rechner.UWP\IBAN_Rechner.UWP.csproj", "{CF3ECB42-1853-4E8D-9115-CF893F389ACE}"
EndProject
Global
	GlobalSection(SharedMSBuildProjectFiles) = preSolution
		IBAN Rechner\IBAN_Rechner\IBAN_Rechner.projitems*{68fff1b3-756d-4390-87f8-28bd1a8504d8}*SharedItemsImports = 13
		IBAN Rechner\IBAN_Rechner\IBAN_Rechner.projitems*{cf186eb1-3bbe-47a9-a9ee-074b8deef43a}*SharedItemsImports = 4
	EndGlobalSection
	GlobalSection(SolutionConfigurationPlatforms) = preSolution
		Debug|Any CPU = Debug|Any CPU
		Debug|ARM = Debug|ARM
		Debug|iPhone = Debug|iPhone
		Debug|iPhoneSimulator = Debug|iPhoneSimulator
		Debug|x64 = Debug|x64
		Debug|x86 = Debug|x86
		Release|Any CPU = Release|Any CPU
		Release|ARM = Release|ARM
		Release|iPhone = Release|iPhone
		Release|iPhoneSimulator = Release|iPhoneSimulator
		Release|x64 = Release|x64
		Release|x86 = Release|x86
	EndGlobalSection
	GlobalSection(ProjectConfigurationPlatforms) = postSolution
		{0C317176-4050-4FCF-A1BA-229050A85DB3}.Debug|Any CPU.ActiveCfg = Debug|Any CPU
		{0C317176-4050-4FCF-A1BA-229050A85DB3}.Debug|Any CPU.Build.0 = Debug|Any CPU
		{0C317176-4050-4FCF-A1BA-229050A85DB3}.Debug|Any CPU.Deploy.0 = Debug|Any CPU
		{0C317176-4050-4FCF-A1BA-229050A85DB3}.Debug|ARM.ActiveCfg = Debug|Any CPU
		{0C317176-4050-4FCF-A1BA-229050A85DB3}.Debug|ARM.Build.0 = Debug|Any CPU
		{0C317176-4050-4FCF-A1BA-229050A85DB3}.Debug|ARM.Deploy.0 = Debug|Any CPU
		{0C317176-4050-4FCF-A1BA-229050A85DB3}.Debug|iPhone.ActiveCfg = Debug|Any CPU
		{0C317176-4050-4FCF-A1BA-229050A85DB3}.Debug|iPhone.Build.0 = Debug|Any CPU
		{0C317176-4050-4FCF-A1BA-229050A85DB3}.Debug|iPhone.Deploy.0 = Debug|Any CPU
		{0C317176-4050-4FCF-A1BA-229050A85DB3}.Debug|iPhoneSimulator.ActiveCfg = Debug|Any CPU
		{0C317176-4050-4FCF-A1BA-229050A85DB3}.Debug|iPhoneSimulator.Build.0 = Debug|Any CPU
		{0C317176-4050-4FCF-A1BA-229050A85DB3}.Debug|iPhoneSimulator.Deploy.0 = Debug|Any CPU
		{0C317176-4050-4FCF-A1BA-229050A85DB3}.Debug|x64.ActiveCfg = Debug|Any CPU
		{0C317176-4050-4FCF-A1BA-229050A85DB3}.Debug|x64.Build.0 = Debug|Any CPU
		{0C317176-4050-4FCF-A1BA-229050A85DB3}.Debug|x64.Deploy.0 = Debug|Any CPU
		{0C317176-4050-4FCF-A1BA-229050A85DB3}.Debug|x86.ActiveCfg = Debug|Any CPU
		{0C317176-4050-4FCF-A1BA-229050A85DB3}.Debug|x86.Build.0 = Debug|Any CPU
		{0C317176-4050-4FCF-A1BA-229050A85DB3}.Debug|x86.Deploy.0 = Debug|Any CPU
		{0C317176-4050-4FCF-A1BA-229050A85DB3}.Release|Any CPU.ActiveCfg = Release|Any CPU
		{0C317176-4050-4FCF-A1BA-229050A85DB3}.Release|Any CPU.Build.0 = Release|Any CPU
		{0C317176-4050-4FCF-A1BA-229050A85DB3}.Release|Any CPU.Deploy.0 = Release|Any CPU
		{0C317176-4050-4FCF-A1BA-229050A85DB3}.Release|ARM.ActiveCfg = Release|Any CPU
		{0C317176-4050-4FCF-A1BA-229050A85DB3}.Release|ARM.Build.0 = Release|Any CPU
		{0C317176-4050-4FCF-A1BA-229050A85DB3}.Release|ARM.Deploy.0 = Release|Any CPU
		{0C317176-4050-4FCF-A1BA-229050A85DB3}.Release|iPhone.ActiveCfg = Release|Any CPU
		{0C317176-4050-4FCF-A1BA-229050A85DB3}.Release|iPhone.Build.0 = Release|Any CPU
		{0C317176-4050-4FCF-A1BA-229050A85DB3}.Release|iPhone.Deploy.0 = Release|Any CPU
		{0C317176-4050-4FCF-A1BA-229050A85DB3}.Release|iPhoneSimulator.ActiveCfg = Release|Any CPU
		{0C317176-4050-4FCF-A1BA-229050A85DB3}.Release|iPhoneSimulator.Build.0 = Release|Any CPU
		{0C317176-4050-4FCF-A1BA-229050A85DB3}.Release|iPhoneSimulator.Deploy.0 = Release|Any CPU
		{0C317176-4050-4FCF-A1BA-229050A85DB3}.Release|x64.ActiveCfg = Release|Any CPU
		{0C317176-4050-4FCF-A1BA-229050A85DB3}.Release|x64.Build.0 = Release|Any CPU
		{0C317176-4050-4FCF-A1BA-229050A85DB3}.Release|x64.Deploy.0 = Release|Any CPU
		{0C317176-4050-4FCF-A1BA-229050A85DB3}.Release|x86.ActiveCfg = Release|Any CPU
		{0C317176-4050-4FCF-A1BA-229050A85DB3}.Release|x86.Build.0 = Release|Any CPU
		{0C317176-4050-4FCF-A1BA-229050A85DB3}.Release|x86.Deploy.0 = Release|Any CPU
		{CF186EB1-3BBE-47A9-A9EE-074B8DEEF43A}.Debug|Any CPU.ActiveCfg = Debug|iPhone
		{CF186EB1-3BBE-47A9-A9EE-074B8DEEF43A}.Debug|ARM.ActiveCfg = Debug|iPhone
		{CF186EB1-3BBE-47A9-A9EE-074B8DEEF43A}.Debug|iPhone.ActiveCfg = Debug|iPhone
		{CF186EB1-3BBE-47A9-A9EE-074B8DEEF43A}.Debug|iPhone.Build.0 = Debug|iPhone
		{CF186EB1-3BBE-47A9-A9EE-074B8DEEF43A}.Debug|iPhoneSimulator.ActiveCfg = Debug|iPhoneSimulator
		{CF186EB1-3BBE-47A9-A9EE-074B8DEEF43A}.Debug|iPhoneSimulator.Build.0 = Debug|iPhoneSimulator
		{CF186EB1-3BBE-47A9-A9EE-074B8DEEF43A}.Debug|x64.ActiveCfg = Debug|iPhone
		{CF186EB1-3BBE-47A9-A9EE-074B8DEEF43A}.Debug|x86.ActiveCfg = Debug|iPhone
		{CF186EB1-3BBE-47A9-A9EE-074B8DEEF43A}.Release|Any CPU.ActiveCfg = Release|iPhone
		{CF186EB1-3BBE-47A9-A9EE-074B8DEEF43A}.Release|ARM.ActiveCfg = Release|iPhone
		{CF186EB1-3BBE-47A9-A9EE-074B8DEEF43A}.Release|iPhone.ActiveCfg = Release|iPhone
		{CF186EB1-3BBE-47A9-A9EE-074B8DEEF43A}.Release|iPhone.Build.0 = Release|iPhone
		{CF186EB1-3BBE-47A9-A9EE-074B8DEEF43A}.Release|iPhoneSimulator.ActiveCfg = Release|iPhoneSimulator
		{CF186EB1-3BBE-47A9-A9EE-074B8DEEF43A}.Release|iPhoneSimulator.Build.0 = Release|iPhoneSimulator
		{CF186EB1-3BBE-47A9-A9EE-074B8DEEF43A}.Release|x64.ActiveCfg = Release|iPhone
		{CF186EB1-3BBE-47A9-A9EE-074B8DEEF43A}.Release|x86.ActiveCfg = Release|iPhone
		{CF3ECB42-1853-4E8D-9115-CF893F389ACE}.Debug|Any CPU.ActiveCfg = Debug|x86
		{CF3ECB42-1853-4E8D-9115-CF893F389ACE}.Debug|ARM.ActiveCfg = Debug|ARM
		{CF3ECB42-1853-4E8D-9115-CF893F389ACE}.Debug|ARM.Build.0 = Debug|ARM
		{CF3ECB42-1853-4E8D-9115-CF893F389ACE}.Debug|ARM.Deploy.0 = Debug|ARM
		{CF3ECB42-1853-4E8D-9115-CF893F389ACE}.Debug|iPhone.ActiveCfg = Debug|x86
		{CF3ECB42-1853-4E8D-9115-CF893F389ACE}.Debug|iPhoneSimulator.ActiveCfg = Debug|x86
		{CF3ECB42-1853-4E8D-9115-CF893F389ACE}.Debug|x64.ActiveCfg = Debug|x64
		{CF3ECB42-1853-4E8D-9115-CF893F389ACE}.Debug|x64.Build.0 = Debug|x64
		{CF3ECB42-1853-4E8D-9115-CF893F389ACE}.Debug|x64.Deploy.0 = Debug|x64
		{CF3ECB42-1853-4E8D-9115-CF893F389ACE}.Debug|x86.ActiveCfg = Debug|x86
		{CF3ECB42-1853-4E8D-9115-CF893F389ACE}.Debug|x86.Build.0 = Debug|x86
		{CF3ECB42-1853-4E8D-9115-CF893F389ACE}.Debug|x86.Deploy.0 = Debug|x86
		{CF3ECB42-1853-4E8D-9115-CF893F389ACE}.Release|Any CPU.ActiveCfg = Release|x86
		{CF3ECB42-1853-4E8D-9115-CF893F389ACE}.Release|ARM.ActiveCfg = Release|ARM
		{CF3ECB42-1853-4E8D-9115-CF893F389ACE}.Release|ARM.Build.0 = Release|ARM
		{CF3ECB42-1853-4E8D-9115-CF893F389ACE}.Release|ARM.Deploy.0 = Release|ARM
		{CF3ECB42-1853-4E8D-9115-CF893F389ACE}.Release|iPhone.ActiveCfg = Release|x86
		{CF3ECB42-1853-4E8D-9115-CF893F389ACE}.Release|iPhoneSimulator.ActiveCfg = Release|x86
		{CF3ECB42-1853-4E8D-9115-CF893F389ACE}.Release|x64.ActiveCfg = Release|x64
		{CF3ECB42-1853-4E8D-9115-CF893F389ACE}.Release|x64.Build.0 = Release|x64
		{CF3ECB42-1853-4E8D-9115-CF893F389ACE}.Release|x64.Deploy.0 = Release|x64
		{CF3ECB42-1853-4E8D-9115-CF893F389ACE}.Release|x86.ActiveCfg = Release|x86
		{CF3ECB42-1853-4E8D-9115-CF893F389ACE}.Release|x86.Build.0 = Release|x86
		{CF3ECB42-1853-4E8D-9115-CF893F389ACE}.Release|x86.Deploy.0 = Release|x86
	EndGlobalSection
	GlobalSection(SolutionProperties) = preSolution
		HideSolutionNode = FALSE
	EndGlobalSection
EndGlobal
